<?xml version="1.0" encoding="utf-8"?>
<Project ToolsVersion="4.0" xmlns="http://schemas.microsoft.com/developer/msbuild/2003">
  <ItemGroup>
    <None Include="PropertySheet.props" />
    <None Include="packages.config" />
  </ItemGroup>
  <ItemGroup>
    <ClCompile Include="main.cpp" />
    <ClCompile Include="pch.cpp" />
    <ClCompile Include="MainWindow.cpp" />
    <ClCompile Include="App.cpp" />
    <ClCompile Include="VideoRecordingSession.cpp" />
    <ClCompile Include="CaptureFrameWait.cpp" />
    <ClCompile Include="Direct3D11SceneRenderer.cpp" />
  </ItemGroup>
  <ItemGroup>
    <ClInclude Include="pch.h" />
    <ClInclude Include="MainWindow.h" />
    <ClInclude Include="App.h" />
    <ClInclude Include="VideoRecordingSession.h" />
    <ClInclude Include="CaptureFrameWait.h" />
    <ClInclude Include="Direct3D11SceneRenderer.h" />
    <ClInclude Include="Shaders.h" />
  </ItemGroup>
  <ItemGroup>
    <Filter Include="Shaders">
      <UniqueIdentifier>{bf51989b-d600-4a71-bff7-b22975d2d563}</UniqueIdentifier>
    </Filter>
  </ItemGroup>
  <ItemGroup>
    <FxCompile Include="PixelShader.hlsl">
      <Filter>Shaders</Filter>
    </FxCompile>
    <FxCompile Include="VertexShader.hlsl">
      <Filter>Shaders</Filter>
    </FxCompile>
  </ItemGroup>
</Project>