<?xml version="1.0" encoding="utf-8"?>
<Project ToolsVersion="4.0" xmlns="http://schemas.microsoft.com/developer/msbuild/2003">
  <ItemGroup>
    <None Include="PropertySheet.props" />
    <None Include="packages.config" />
  </ItemGroup>
  <ItemGroup>
    <ClCompile Include="main.cpp" />
    <ClCompile Include="pch.cpp" />
    <ClCompile Include="MainWindow.cpp" />
    <ClCompile Include="App.cpp" />
    <ClCompile Include="VideoRecordingSession.cpp" />
    <ClCompile Include="CaptureFrameGenerator.cpp" />
  </ItemGroup>
  <ItemGroup>
    <ClInclude Include="pch.h" />
    <ClInclude Include="MainWindow.h" />
    <ClInclude Include="App.h" />
    <ClInclude Include="VideoRecordingSession.h" />
    <ClInclude Include="CaptureFrameGenerator.h" />
  </ItemGroup>
</Project>